
Microsoft Visual Studio Solution File, Format Version 12.00
# Visual Studio Version 16
VisualStudioVersion = 16.0.31910.168
MinimumVisualStudioVersion = 10.0.40219.1
Project("{FAE04EC0-301F-11D3-BF4B-00C04F79EFBC}") = "varai2d_surface", "varai2d_surface\varai2d_surface.csproj", "{B3400377-71CA-4B5D-9970-0232C020A1D6}"
EndProject
Global
	GlobalSection(SolutionConfigurationPlatforms) = preSolution
		Debug|Any CPU = Debug|Any CPU
		Release|Any CPU = Release|Any CPU
	EndGlobalSection
	GlobalSection(ProjectConfigurationPlatforms) = postSolution
		{B3400377-71CA-4B5D-9970-0232C020A1D6}.Debug|Any CPU.ActiveCfg = Debug|Any CPU
		{B3400377-71CA-4B5D-9970-0232C020A1D6}.Debug|Any CPU.Build.0 = Debug|Any CPU
		{B3400377-71CA-4B5D-9970-0232C020A1D6}.Release|Any CPU.ActiveCfg = Release|Any CPU
		{B3400377-71CA-4B5D-9970-0232C020A1D6}.Release|Any CPU.Build.0 = Release|Any CPU
	EndGlobalSection
	GlobalSection(SolutionProperties) = preSolution
		HideSolutionNode = FALSE
	EndGlobalSection
	GlobalSection(ExtensibilityGlobals) = postSolution
		SolutionGuid = {FC5A69AB-4D59-414D-B6DE-9C29393FB821}
	EndGlobalSection
EndGlobal
